// !$*UTF8*$!
{
	archiveVersion = 1;
	classes = {
	};
	objectVersion = 77;
	objects = {

/* Begin PBXBuildFile section */
		520082C0300C300000DF4F64 /* LibertyLineAssets.xcassets in Resources */ = {isa = PBXBuildFile; fileRef = 520082C1300C300000DF4F64 /* LibertyLineAssets.xcassets */; };
		52A55E710000000000000001 /* CampaignCompass.swift in Sources */ = {isa = PBXBuildFile; fileRef = 52A55E700000000000000001 /* CampaignCompass.swift */; };
		52A55E710000000000000002 /* CampaignDecor.swift in Sources */ = {isa = PBXBuildFile; fileRef = 52A55E700000000000000002 /* CampaignDecor.swift */; };
		52A55E710000000000000003 /* CampaignMapAsset.swift in Sources */ = {isa = PBXBuildFile; fileRef = 52A55E700000000000000003 /* CampaignMapAsset.swift */; };
		52A55E710000000000000004 /* CampaignMapLayout.swift in Sources */ = {isa = PBXBuildFile; fileRef = 52A55E700000000000000004 /* CampaignMapLayout.swift */; };
		52A55E710000000000000005 /* CampaignMapMetalView.swift in Sources */ = {isa = PBXBuildFile; fileRef = 52A55E700000000000000005 /* CampaignMapMetalView.swift */; };
		52A55E710000000000000006 /* CampaignMapView.swift in Sources */ = {isa = PBXBuildFile; fileRef = 52A55E700000000000000006 /* CampaignMapView.swift */; };
		52A55E710000000000000007 /* CampaignMarkers.swift in Sources */ = {isa = PBXBuildFile; fileRef = 52A55E700000000000000007 /* CampaignMarkers.swift */; };
		52A55E710000000000000008 /* CampaignNode.swift in Sources */ = {isa = PBXBuildFile; fileRef = 52A55E700000000000000008 /* CampaignNode.swift */; };
		52A55E71000000000000000A /* CampaignRoute.swift in Sources */ = {isa = PBXBuildFile; fileRef = 52A55E70000000000000000A /* CampaignRoute.swift */; };
		52A55E71000000000000000C /* EncyclopediaView.swift in Sources */ = {isa = PBXBuildFile; fileRef = 52A55E70000000000000000C /* EncyclopediaView.swift */; };
		52A55E71000000000000000D /* HeroesView.swift in Sources */ = {isa = PBXBuildFile; fileRef = 52A55E70000000000000000D /* HeroesView.swift */; };
		52A55E71000000000000000E /* HudMetrics.swift in Sources */ = {isa = PBXBuildFile; fileRef = 52A55E70000000000000000E /* HudMetrics.swift */; };
		52A55E710000000000000011 /* LevelRunner.swift in Sources */ = {isa = PBXBuildFile; fileRef = 52A55E700000000000000011 /* LevelRunner.swift */; };
		52A55E710000000000000012 /* LibertyLineApp.swift in Sources */ = {isa = PBXBuildFile; fileRef = 52A55E700000000000000012 /* LibertyLineApp.swift */; };
		52A55E710000000000000013 /* MenuScreens.swift in Sources */ = {isa = PBXBuildFile; fileRef = 52A55E700000000000000013 /* MenuScreens.swift */; };
		52A55E710000000000000014 /* Renderer.swift in Sources */ = {isa = PBXBuildFile; fileRef = 52A55E700000000000000014 /* Renderer.swift */; };
		52A55E710000000000000015 /* RootView.swift in Sources */ = {isa = PBXBuildFile; fileRef = 52A55E700000000000000015 /* RootView.swift */; };
		52A55E710000000000000016 /* SafeAreaOverlay.swift in Sources */ = {isa = PBXBuildFile; fileRef = 52A55E700000000000000016 /* SafeAreaOverlay.swift */; };
		52A55E710000000000000017 /* ScreenGeometry+SwiftUI.swift in Sources */ = {isa = PBXBuildFile; fileRef = 52A55E700000000000000017 /* ScreenGeometry+SwiftUI.swift */; };
		52A55E710000000000000018 /* SettingsView.swift in Sources */ = {isa = PBXBuildFile; fileRef = 52A55E700000000000000018 /* SettingsView.swift */; };
		52A55E710000000000000019 /* TiledBackgroundMetalView.swift in Sources */ = {isa = PBXBuildFile; fileRef = 52A55E700000000000000019 /* TiledBackgroundMetalView.swift */; };
		52A55E71000000000000001A /* Shaders.metal in Sources */ = {isa = PBXBuildFile; fileRef = 52A55E70000000000000001A /* Shaders.metal */; };
/* End PBXBuildFile section */

/* Begin PBXCopyFilesBuildPhase section */
		520082B5300C245B00DF4F64 /* CopyFiles */ = {
			isa = PBXCopyFilesBuildPhase;
			buildActionMask = 2147483647;
			dstPath = /usr/share/man/man1/;
			dstSubfolderSpec = 0;
			files = (
			);
			runOnlyForDeploymentPostprocessing = 1;
		};
/* End PBXCopyFilesBuildPhase section */

/* Begin PBXFileReference section */
		520082B7300C245B00DF4F64 /* Simulator */ = {isa = PBXFileReference; explicitFileType = "compiled.mach-o.executable"; includeInIndex = 0; path = Simulator; sourceTree = BUILT_PRODUCTS_DIR; };
		520082C1300C300000DF4F64 /* LibertyLineAssets.xcassets */ = {isa = PBXFileReference; lastKnownFileType = folder.assetcatalog; name = LibertyLineAssets.xcassets; path = "../in-defense-of-history-data/LibertyLineAssets.xcassets"; sourceTree = SOURCE_ROOT; };
		520082C2300C300000DF4F64 /* GameName.xcconfig */ = {isa = PBXFileReference; lastKnownFileType = text.xcconfig; path = GameName.xcconfig; sourceTree = "<group>"; };
		5263FCBD3002C99600C1546D /* Liberty Line.app */ = {isa = PBXFileReference; explicitFileType = wrapper.application; includeInIndex = 0; path = "Liberty Line.app"; sourceTree = BUILT_PRODUCTS_DIR; };
		52A55E700000000000000001 /* CampaignCompass.swift */ = {isa = PBXFileReference; lastKnownFileType = sourcecode.swift; path = CampaignCompass.swift; sourceTree = "<group>"; };
		52A55E700000000000000002 /* CampaignDecor.swift */ = {isa = PBXFileReference; lastKnownFileType = sourcecode.swift; path = CampaignDecor.swift; sourceTree = "<group>"; };
		52A55E700000000000000003 /* CampaignMapAsset.swift */ = {isa = PBXFileReference; lastKnownFileType = sourcecode.swift; path = CampaignMapAsset.swift; sourceTree = "<group>"; };
		52A55E700000000000000004 /* CampaignMapLayout.swift */ = {isa = PBXFileReference; lastKnownFileType = sourcecode.swift; path = CampaignMapLayout.swift; sourceTree = "<group>"; };
		52A55E700000000000000005 /* CampaignMapMetalView.swift */ = {isa = PBXFileReference; lastKnownFileType = sourcecode.swift; path = CampaignMapMetalView.swift; sourceTree = "<group>"; };
		52A55E700000000000000006 /* CampaignMapView.swift */ = {isa = PBXFileReference; lastKnownFileType = sourcecode.swift; path = CampaignMapView.swift; sourceTree = "<group>"; };
		52A55E700000000000000007 /* CampaignMarkers.swift */ = {isa = PBXFileReference; lastKnownFileType = sourcecode.swift; path = CampaignMarkers.swift; sourceTree = "<group>"; };
		52A55E700000000000000008 /* CampaignNode.swift */ = {isa = PBXFileReference; lastKnownFileType = sourcecode.swift; path = CampaignNode.swift; sourceTree = "<group>"; };
		52A55E70000000000000000A /* CampaignRoute.swift */ = {isa = PBXFileReference; lastKnownFileType = sourcecode.swift; path = CampaignRoute.swift; sourceTree = "<group>"; };
		52A55E70000000000000000C /* EncyclopediaView.swift */ = {isa = PBXFileReference; lastKnownFileType = sourcecode.swift; path = EncyclopediaView.swift; sourceTree = "<group>"; };
		52A55E70000000000000000D /* HeroesView.swift */ = {isa = PBXFileReference; lastKnownFileType = sourcecode.swift; path = HeroesView.swift; sourceTree = "<group>"; };
		52A55E70000000000000000E /* HudMetrics.swift */ = {isa = PBXFileReference; lastKnownFileType = sourcecode.swift; path = HudMetrics.swift; sourceTree = "<group>"; };
		52A55E700000000000000011 /* LevelRunner.swift */ = {isa = PBXFileReference; lastKnownFileType = sourcecode.swift; path = LevelRunner.swift; sourceTree = "<group>"; };
		52A55E700000000000000012 /* LibertyLineApp.swift */ = {isa = PBXFileReference; lastKnownFileType = sourcecode.swift; path = LibertyLineApp.swift; sourceTree = "<group>"; };
		52A55E700000000000000013 /* MenuScreens.swift */ = {isa = PBXFileReference; lastKnownFileType = sourcecode.swift; path = MenuScreens.swift; sourceTree = "<group>"; };
		52A55E700000000000000014 /* Renderer.swift */ = {isa = PBXFileReference; lastKnownFileType = sourcecode.swift; path = Renderer.swift; sourceTree = "<group>"; };
		52A55E700000000000000015 /* RootView.swift */ = {isa = PBXFileReference; lastKnownFileType = sourcecode.swift; path = RootView.swift; sourceTree = "<group>"; };
		52A55E700000000000000016 /* SafeAreaOverlay.swift */ = {isa = PBXFileReference; lastKnownFileType = sourcecode.swift; path = SafeAreaOverlay.swift; sourceTree = "<group>"; };
		52A55E700000000000000017 /* ScreenGeometry+SwiftUI.swift */ = {isa = PBXFileReference; lastKnownFileType = sourcecode.swift; path = "ScreenGeometry+SwiftUI.swift"; sourceTree = "<group>"; };
		52A55E700000000000000018 /* SettingsView.swift */ = {isa = PBXFileReference; lastKnownFileType = sourcecode.swift; path = SettingsView.swift; sourceTree = "<group>"; };
		52A55E700000000000000019 /* TiledBackgroundMetalView.swift */ = {isa = PBXFileReference; lastKnownFileType = sourcecode.swift; path = TiledBackgroundMetalView.swift; sourceTree = "<group>"; };
		52A55E70000000000000001A /* Shaders.metal */ = {isa = PBXFileReference; lastKnownFileType = sourcecode.metal; path = Shaders.metal; sourceTree = "<group>"; };
		52A55E70000000000000001B /* ShaderTypes.h */ = {isa = PBXFileReference; lastKnownFileType = sourcecode.c.h; path = ShaderTypes.h; sourceTree = "<group>"; };
		52A55E70000000000000001C /* Info.plist */ = {isa = PBXFileReference; lastKnownFileType = text.plist.xml; path = Info.plist; sourceTree = "<group>"; };
		52AB1A00000000000000BA01 /* LevelEditor.app */ = {isa = PBXFileReference; explicitFileType = wrapper.application; includeInIndex = 0; path = LevelEditor.app; sourceTree = BUILT_PRODUCTS_DIR; };
/* End PBXFileReference section */

/* Begin PBXFileSystemSynchronizedBuildFileExceptionSet section */
		52AB1A00000000000000BF01 /* Exceptions for "LevelEditor" folder in "LevelEditor" target */ = {
			isa = PBXFileSystemSynchronizedBuildFileExceptionSet;
			membershipExceptions = (
				Info.plist,
			);
			target = 52AB1A00000000000000BC01 /* LevelEditor */;
		};
/* End PBXFileSystemSynchronizedBuildFileExceptionSet section */

/* Begin PBXFileSystemSynchronizedRootGroup section */
		5200827F300C09D400DF4F64 /* Engine */ = {
			isa = PBXFileSystemSynchronizedRootGroup;
			path = Engine;
			sourceTree = "<group>";
		};
		520082B8300C245B00DF4F64 /* Simulator */ = {
			isa = PBXFileSystemSynchronizedRootGroup;
			path = Simulator;
			sourceTree = "<group>";
		};
		5200839F300C399D00DF4F64 /* Db */ = {
			isa = PBXFileSystemSynchronizedRootGroup;
			path = Db;
			sourceTree = "<group>";
		};
		52AB1A00000000000000BB01 /* LevelEditor */ = {
			isa = PBXFileSystemSynchronizedRootGroup;
			exceptions = (
				52AB1A00000000000000BF01 /* Exceptions for "LevelEditor" folder in "LevelEditor" target */,
			);
			path = LevelEditor;
			sourceTree = "<group>";
		};
		52AB1A00000000000000C101 /* Images */ = {
			isa = PBXFileSystemSynchronizedRootGroup;
			path = Images;
			sourceTree = "<group>";
		};
		52D99880303142F400E3C64F /* Level Views */ = {
			isa = PBXFileSystemSynchronizedRootGroup;
			path = "Level Views";
			sourceTree = "<group>";
		};
/* End PBXFileSystemSynchronizedRootGroup section */

/* Begin PBXFrameworksBuildPhase section */
		520082B4300C245B00DF4F64 /* Frameworks */ = {
			isa = PBXFrameworksBuildPhase;
			buildActionMask = 2147483647;
			files = (
			);
			runOnlyForDeploymentPostprocessing = 0;
		};
		5263FCBA3002C99600C1546D /* Frameworks */ = {
			isa = PBXFrameworksBuildPhase;
			buildActionMask = 2147483647;
			files = (
			);
			runOnlyForDeploymentPostprocessing = 0;
		};
		52AB1A00000000000000BD02 /* Frameworks */ = {
			isa = PBXFrameworksBuildPhase;
			buildActionMask = 2147483647;
			files = (
			);
			runOnlyForDeploymentPostprocessing = 0;
		};
/* End PBXFrameworksBuildPhase section */

/* Begin PBXGroup section */
		5263FCB43002C99600C1546D = {
			isa = PBXGroup;
			children = (
				5200827F300C09D400DF4F64 /* Engine */,
				5200839F300C399D00DF4F64 /* Db */,
				5263FCBF3002C99600C1546D /* Liberty Line */,
				520082B8300C245B00DF4F64 /* Simulator */,
				52AB1A00000000000000BB01 /* LevelEditor */,
				52AB1A00000000000000C101 /* Images */,
				520082C2300C300000DF4F64 /* GameName.xcconfig */,
				5263FCBE3002C99600C1546D /* Products */,
			);
			sourceTree = "<group>";
		};
		5263FCBE3002C99600C1546D /* Products */ = {
			isa = PBXGroup;
			children = (
				5263FCBD3002C99600C1546D /* Liberty Line.app */,
				520082B7300C245B00DF4F64 /* Simulator */,
				52AB1A00000000000000BA01 /* LevelEditor.app */,
			);
			name = Products;
			sourceTree = "<group>";
		};
		5263FCBF3002C99600C1546D /* Liberty Line */ = {
			isa = PBXGroup;
			children = (
				52D99880303142F400E3C64F /* Level Views */,
				52A55E700000000000000001 /* CampaignCompass.swift */,
				52A55E700000000000000002 /* CampaignDecor.swift */,
				52A55E700000000000000003 /* CampaignMapAsset.swift */,
				52A55E700000000000000004 /* CampaignMapLayout.swift */,
				52A55E700000000000000005 /* CampaignMapMetalView.swift */,
				52A55E700000000000000006 /* CampaignMapView.swift */,
				52A55E700000000000000007 /* CampaignMarkers.swift */,
				52A55E700000000000000008 /* CampaignNode.swift */,
				52A55E70000000000000000A /* CampaignRoute.swift */,
				52A55E70000000000000000C /* EncyclopediaView.swift */,
				52A55E70000000000000000D /* HeroesView.swift */,
				52A55E70000000000000000E /* HudMetrics.swift */,
				52A55E700000000000000011 /* LevelRunner.swift */,
				52A55E700000000000000012 /* LibertyLineApp.swift */,
				52A55E700000000000000013 /* MenuScreens.swift */,
				52A55E700000000000000014 /* Renderer.swift */,
				52A55E700000000000000015 /* RootView.swift */,
				52A55E700000000000000016 /* SafeAreaOverlay.swift */,
				52A55E700000000000000017 /* ScreenGeometry+SwiftUI.swift */,
				52A55E700000000000000018 /* SettingsView.swift */,
				52A55E700000000000000019 /* TiledBackgroundMetalView.swift */,
				52A55E70000000000000001A /* Shaders.metal */,
				52A55E70000000000000001B /* ShaderTypes.h */,
				52A55E70000000000000001C /* Info.plist */,
				520082C1300C300000DF4F64 /* LibertyLineAssets.xcassets */,
			);
			path = "Liberty Line";
			sourceTree = "<group>";
		};
/* End PBXGroup section */

/* Begin PBXNativeTarget section */
		520082B6300C245B00DF4F64 /* Simulator */ = {
			isa = PBXNativeTarget;
			buildConfigurationList = 520082BB300C245B00DF4F64 /* Build configuration list for PBXNativeTarget "Simulator" */;
			buildPhases = (
				52C0FFEE000000000000A003 /* Generate Build Version */,
				520082B3300C245B00DF4F64 /* Sources */,
				520082B4300C245B00DF4F64 /* Frameworks */,
				520082B5300C245B00DF4F64 /* CopyFiles */,
			);
			buildRules = (
			);
			dependencies = (
			);
			fileSystemSynchronizedGroups = (
				5200827F300C09D400DF4F64 /* Engine */,
				520082B8300C245B00DF4F64 /* Simulator */,
				5200839F300C399D00DF4F64 /* Db */,
			);
			name = Simulator;
			packageProductDependencies = (
			);
			productName = Simulator;
			productReference = 520082B7300C245B00DF4F64 /* Simulator */;
			productType = "com.apple.product-type.tool";
		};
		5263FCBC3002C99600C1546D /* Liberty Line */ = {
			isa = PBXNativeTarget;
			buildConfigurationList = 5263FCD23002C99800C1546D /* Build configuration list for PBXNativeTarget "Liberty Line" */;
			buildPhases = (
				5263FCB93002C99600C1546D /* Sources */,
				5263FCBA3002C99600C1546D /* Frameworks */,
				5263FCBB3002C99600C1546D /* Resources */,
				52C0FFEE000000000000A001 /* Stamp Build Number */,
			);
			buildRules = (
			);
			dependencies = (
			);
			fileSystemSynchronizedGroups = (
				5200827F300C09D400DF4F64 /* Engine */,
				5200839F300C399D00DF4F64 /* Db */,
				52D99880303142F400E3C64F /* Level Views */,
			);
			name = "Liberty Line";
			packageProductDependencies = (
			);
			productName = td;
			productReference = 5263FCBD3002C99600C1546D /* Liberty Line.app */;
			productType = "com.apple.product-type.application";
		};
		52AB1A00000000000000BC01 /* LevelEditor */ = {
			isa = PBXNativeTarget;
			buildConfigurationList = 52AB1A00000000000000BE01 /* Build configuration list for PBXNativeTarget "LevelEditor" */;
			buildPhases = (
				52AB1A00000000000000BD01 /* Sources */,
				52AB1A00000000000000BD02 /* Frameworks */,
				52AB1A00000000000000BD03 /* Resources */,
				52C0FFEE000000000000A002 /* Stamp Build Number */,
			);
			buildRules = (
			);
			dependencies = (
			);
			fileSystemSynchronizedGroups = (
				5200827F300C09D400DF4F64 /* Engine */,
				5200839F300C399D00DF4F64 /* Db */,
				52AB1A00000000000000BB01 /* LevelEditor */,
				52AB1A00000000000000C101 /* Images */,
			);
			name = LevelEditor;
			packageProductDependencies = (
			);
			productName = LevelEditor;
			productReference = 52AB1A00000000000000BA01 /* LevelEditor.app */;
			productType = "com.apple.product-type.application";
		};
/* End PBXNativeTarget section */

/* Begin PBXProject section */
		5263FCB53002C99600C1546D /* Project object */ = {
			isa = PBXProject;
			attributes = {
				BuildIndependentTargetsInParallel = 1;
				LastSwiftUpdateCheck = 2660;
				LastUpgradeCheck = 2660;
				TargetAttributes = {
					520082B6300C245B00DF4F64 = {
						CreatedOnToolsVersion = 26.6;
					};
					5263FCBC3002C99600C1546D = {
						CreatedOnToolsVersion = 26.6;
					};
				};
			};
			buildConfigurationList = 5263FCB83002C99600C1546D /* Build configuration list for PBXProject "InDefenseOfHistory" */;
			developmentRegion = en;
			hasScannedForEncodings = 0;
			knownRegions = (
				en,
				Base,
			);
			mainGroup = 5263FCB43002C99600C1546D;
			minimizedProjectReferenceProxies = 1;
			preferredProjectObjectVersion = 77;
			productRefGroup = 5263FCBE3002C99600C1546D /* Products */;
			projectDirPath = "";
			projectRoot = "";
			targets = (
				5263FCBC3002C99600C1546D /* Liberty Line */,
				520082B6300C245B00DF4F64 /* Simulator */,
				52AB1A00000000000000BC01 /* LevelEditor */,
			);
		};
/* End PBXProject section */

/* Begin PBXResourcesBuildPhase section */
		5263FCBB3002C99600C1546D /* Resources */ = {
			isa = PBXResourcesBuildPhase;
			buildActionMask = 2147483647;
			files = (
				520082C0300C300000DF4F64 /* LibertyLineAssets.xcassets in Resources */,
			);
			runOnlyForDeploymentPostprocessing = 0;
		};
		52AB1A00000000000000BD03 /* Resources */ = {
			isa = PBXResourcesBuildPhase;
			buildActionMask = 2147483647;
			files = (
			);
			runOnlyForDeploymentPostprocessing = 0;
		};
/* End PBXResourcesBuildPhase section */

/* Begin PBXShellScriptBuildPhase section */
		52C0FFEE000000000000A001 /* Stamp Build Number */ = {
			isa = PBXShellScriptBuildPhase;
			alwaysOutOfDate = 1;
			buildActionMask = 2147483647;
			files = (
			);
			inputPaths = (
				"$(TARGET_BUILD_DIR)/$(INFOPLIST_PATH)",
			);
			name = "Stamp Build Number";
			outputPaths = (
				"$(DERIVED_FILE_DIR)/buildstamp.txt",
			);
			runOnlyForDeploymentPostprocessing = 0;
			shellPath = /bin/sh;
			shellScript = "\"$SRCROOT/Tools/bump_build.sh\" plist\n";
		};
		52C0FFEE000000000000A002 /* Stamp Build Number */ = {
			isa = PBXShellScriptBuildPhase;
			alwaysOutOfDate = 1;
			buildActionMask = 2147483647;
			files = (
			);
			inputPaths = (
				"$(TARGET_BUILD_DIR)/$(INFOPLIST_PATH)",
			);
			name = "Stamp Build Number";
			outputPaths = (
				"$(DERIVED_FILE_DIR)/buildstamp.txt",
			);
			runOnlyForDeploymentPostprocessing = 0;
			shellPath = /bin/sh;
			shellScript = "\"$SRCROOT/Tools/bump_build.sh\" plist\n";
		};
		52C0FFEE000000000000A003 /* Generate Build Version */ = {
			isa = PBXShellScriptBuildPhase;
			alwaysOutOfDate = 1;
			buildActionMask = 2147483647;
			files = (
			);
			inputPaths = (
			);
			name = "Generate Build Version";
			outputPaths = (
				"$(SRCROOT)/Simulator/BuildVersion.swift",
			);
			runOnlyForDeploymentPostprocessing = 0;
			shellPath = /bin/sh;
			shellScript = "\"$SRCROOT/Tools/bump_build.sh\" swift\n";
		};
/* End PBXShellScriptBuildPhase section */

/* Begin PBXSourcesBuildPhase section */
		520082B3300C245B00DF4F64 /* Sources */ = {
			isa = PBXSourcesBuildPhase;
			buildActionMask = 2147483647;
			files = (
			);
			runOnlyForDeploymentPostprocessing = 0;
		};
		5263FCB93002C99600C1546D /* Sources */ = {
			isa = PBXSourcesBuildPhase;
			buildActionMask = 2147483647;
			files = (
				52A55E710000000000000001 /* CampaignCompass.swift in Sources */,
				52A55E710000000000000002 /* CampaignDecor.swift in Sources */,
				52A55E710000000000000003 /* CampaignMapAsset.swift in Sources */,
				52A55E710000000000000004 /* CampaignMapLayout.swift in Sources */,
				52A55E710000000000000005 /* CampaignMapMetalView.swift in Sources */,
				52A55E710000000000000006 /* CampaignMapView.swift in Sources */,
				52A55E710000000000000007 /* CampaignMarkers.swift in Sources */,
				52A55E710000000000000008 /* CampaignNode.swift in Sources */,
				52A55E71000000000000000A /* CampaignRoute.swift in Sources */,
				52A55E71000000000000000C /* EncyclopediaView.swift in Sources */,
				52A55E71000000000000000D /* HeroesView.swift in Sources */,
				52A55E71000000000000000E /* HudMetrics.swift in Sources */,
				52A55E710000000000000011 /* LevelRunner.swift in Sources */,
				52A55E710000000000000012 /* LibertyLineApp.swift in Sources */,
				52A55E710000000000000013 /* MenuScreens.swift in Sources */,
				52A55E710000000000000014 /* Renderer.swift in Sources */,
				52A55E710000000000000015 /* RootView.swift in Sources */,
				52A55E710000000000000016 /* SafeAreaOverlay.swift in Sources */,
				52A55E710000000000000017 /* ScreenGeometry+SwiftUI.swift in Sources */,
				52A55E710000000000000018 /* SettingsView.swift in Sources */,
				52A55E710000000000000019 /* TiledBackgroundMetalView.swift in Sources */,
				52A55E71000000000000001A /* Shaders.metal in Sources */,
			);
			runOnlyForDeploymentPostprocessing = 0;
		};
		52AB1A00000000000000BD01 /* Sources */ = {
			isa = PBXSourcesBuildPhase;
			buildActionMask = 2147483647;
			files = (
			);
			runOnlyForDeploymentPostprocessing = 0;
		};
/* End PBXSourcesBuildPhase section */

/* Begin XCBuildConfiguration section */
		520082BC300C245B00DF4F64 /* Debug */ = {
			isa = XCBuildConfiguration;
			buildSettings = {
				CODE_SIGN_STYLE = Automatic;
				DEVELOPMENT_TEAM = SNJW4KBXLV;
				ENABLE_HARDENED_RUNTIME = YES;
				ENABLE_USER_SCRIPT_SANDBOXING = NO;
				MACOSX_DEPLOYMENT_TARGET = 26.5;
				MARKETING_VERSION = 1.0;
				PRODUCT_NAME = "$(TARGET_NAME)";
				SDKROOT = macosx;
				SWIFT_APPROACHABLE_CONCURRENCY = YES;
				SWIFT_OBJC_BRIDGING_HEADER = Simulator/SimGPUTypes.h;
				SWIFT_UPCOMING_FEATURE_MEMBER_IMPORT_VISIBILITY = YES;
				SWIFT_VERSION = 5.0;
			};
			name = Debug;
		};
		520082BD300C245B00DF4F64 /* Release */ = {
			isa = XCBuildConfiguration;
			buildSettings = {
				CODE_SIGN_STYLE = Automatic;
				DEVELOPMENT_TEAM = SNJW4KBXLV;
				ENABLE_HARDENED_RUNTIME = YES;
				ENABLE_USER_SCRIPT_SANDBOXING = NO;
				MACOSX_DEPLOYMENT_TARGET = 26.5;
				MARKETING_VERSION = 1.0;
				PRODUCT_NAME = "$(TARGET_NAME)";
				SDKROOT = macosx;
				SWIFT_APPROACHABLE_CONCURRENCY = YES;
				SWIFT_OBJC_BRIDGING_HEADER = Simulator/SimGPUTypes.h;
				SWIFT_OPTIMIZATION_LEVEL = "-Ounchecked";
				SWIFT_UPCOMING_FEATURE_MEMBER_IMPORT_VISIBILITY = YES;
				SWIFT_VERSION = 5.0;
			};
			name = Release;
		};
		5263FCD33002C99800C1546D /* Debug */ = {
			isa = XCBuildConfiguration;
			baseConfigurationReference = 520082C2300C300000DF4F64 /* GameName.xcconfig */;
			buildSettings = {
				ASSETCATALOG_COMPILER_APPICON_NAME = AppIcon;
				ASSETCATALOG_COMPILER_GLOBAL_ACCENT_COLOR_NAME = AccentColor;
				CODE_SIGN_STYLE = Automatic;
				CURRENT_PROJECT_VERSION = 1;
				DEVELOPMENT_TEAM = SNJW4KBXLV;
				ENABLE_USER_SCRIPT_SANDBOXING = NO;
				GENERATE_INFOPLIST_FILE = YES;
				INFOPLIST_FILE = "Liberty Line/Info.plist";
				INFOPLIST_KEY_CFBundleDisplayName = "Liberty Line";
				INFOPLIST_KEY_UIApplicationSupportsIndirectInputEvents = YES;
				INFOPLIST_KEY_UIRequiredDeviceCapabilities = metal;
				INFOPLIST_KEY_UIStatusBarHidden = YES;
				INFOPLIST_KEY_UISupportedInterfaceOrientations = "UIInterfaceOrientationLandscapeLeft UIInterfaceOrientationLandscapeRight UIInterfaceOrientationPortrait UIInterfaceOrientationPortraitUpsideDown";
				LD_RUNPATH_SEARCH_PATHS = (
					"$(inherited)",
					"@executable_path/Frameworks",
				);
				MARKETING_VERSION = 1.0;
				PRODUCT_BUNDLE_IDENTIFIER = "com.zippyzen.liberty-line";
				PRODUCT_NAME = "$(TARGET_NAME)";
				STRING_CATALOG_GENERATE_SYMBOLS = YES;
				SWIFT_APPROACHABLE_CONCURRENCY = YES;
				SWIFT_DEFAULT_ACTOR_ISOLATION = MainActor;
				SWIFT_EMIT_LOC_STRINGS = YES;
				SWIFT_OBJC_BRIDGING_HEADER = "$(TARGET_NAME)/ShaderTypes.h";
				SWIFT_UPCOMING_FEATURE_MEMBER_IMPORT_VISIBILITY = YES;
				SWIFT_VERSION = 5.0;
				TARGETED_DEVICE_FAMILY = "1,2";
			};
			name = Debug;
		};
		5263FCD43002C99800C1546D /* Release */ = {
			isa = XCBuildConfiguration;
			baseConfigurationReference = 520082C2300C300000DF4F64 /* GameName.xcconfig */;
			buildSettings = {
				ASSETCATALOG_COMPILER_APPICON_NAME = AppIcon;
				ASSETCATALOG_COMPILER_GLOBAL_ACCENT_COLOR_NAME = AccentColor;
				CODE_SIGN_STYLE = Automatic;
				CURRENT_PROJECT_VERSION = 1;
				DEVELOPMENT_TEAM = SNJW4KBXLV;
				ENABLE_USER_SCRIPT_SANDBOXING = NO;
				GENERATE_INFOPLIST_FILE = YES;
				INFOPLIST_FILE = "Liberty Line/Info.plist";
				INFOPLIST_KEY_CFBundleDisplayName = "Liberty Line";
				INFOPLIST_KEY_UIApplicationSupportsIndirectInputEvents = YES;
				INFOPLIST_KEY_UIRequiredDeviceCapabilities = metal;
				INFOPLIST_KEY_UIStatusBarHidden = YES;
				INFOPLIST_KEY_UISupportedInterfaceOrientations = "UIInterfaceOrientationLandscapeLeft UIInterfaceOrientationLandscapeRight UIInterfaceOrientationPortrait UIInterfaceOrientationPortraitUpsideDown";
				LD_RUNPATH_SEARCH_PATHS = (
					"$(inherited)",
					"@executable_path/Frameworks",
				);
				MARKETING_VERSION = 1.0;
				PRODUCT_BUNDLE_IDENTIFIER = "com.zippyzen.liberty-line";
				PRODUCT_NAME = "$(TARGET_NAME)";
				STRING_CATALOG_GENERATE_SYMBOLS = YES;
				SWIFT_APPROACHABLE_CONCURRENCY = YES;
				SWIFT_DEFAULT_ACTOR_ISOLATION = MainActor;
				SWIFT_EMIT_LOC_STRINGS = YES;
				SWIFT_OBJC_BRIDGING_HEADER = "$(TARGET_NAME)/ShaderTypes.h";
				SWIFT_UPCOMING_FEATURE_MEMBER_IMPORT_VISIBILITY = YES;
				SWIFT_VERSION = 5.0;
				TARGETED_DEVICE_FAMILY = "1,2";
			};
			name = Release;
		};
		5263FCD53002C99800C1546D /* Debug */ = {
			isa = XCBuildConfiguration;
			buildSettings = {
				ALWAYS_SEARCH_USER_PATHS = NO;
				ASSETCATALOG_COMPILER_GENERATE_SWIFT_ASSET_SYMBOL_EXTENSIONS = YES;
				CLANG_ANALYZER_NONNULL = YES;
				CLANG_ANALYZER_NUMBER_OBJECT_CONVERSION = YES_AGGRESSIVE;
				CLANG_CXX_LANGUAGE_STANDARD = "gnu++20";
				CLANG_ENABLE_MODULES = YES;
				CLANG_ENABLE_OBJC_ARC = YES;
				CLANG_ENABLE_OBJC_WEAK = YES;
				CLANG_WARN_BLOCK_CAPTURE_AUTORELEASING = YES;
				CLANG_WARN_BOOL_CONVERSION = YES;
				CLANG_WARN_COMMA = YES;
				CLANG_WARN_CONSTANT_CONVERSION = YES;
				CLANG_WARN_DEPRECATED_OBJC_IMPLEMENTATIONS = YES;
				CLANG_WARN_DIRECT_OBJC_ISA_USAGE = YES_ERROR;
				CLANG_WARN_DOCUMENTATION_COMMENTS = YES;
				CLANG_WARN_EMPTY_BODY = YES;
				CLANG_WARN_ENUM_CONVERSION = YES;
				CLANG_WARN_INFINITE_RECURSION = YES;
				CLANG_WARN_INT_CONVERSION = YES;
				CLANG_WARN_NON_LITERAL_NULL_CONVERSION = YES;
				CLANG_WARN_OBJC_IMPLICIT_RETAIN_SELF = YES;
				CLANG_WARN_OBJC_LITERAL_CONVERSION = YES;
				CLANG_WARN_OBJC_ROOT_CLASS = YES_ERROR;
				CLANG_WARN_QUOTED_INCLUDE_IN_FRAMEWORK_HEADER = YES;
				CLANG_WARN_RANGE_LOOP_ANALYSIS = YES;
				CLANG_WARN_STRICT_PROTOTYPES = YES;
				CLANG_WARN_SUSPICIOUS_MOVE = YES;
				CLANG_WARN_UNGUARDED_AVAILABILITY = YES_AGGRESSIVE;
				CLANG_WARN_UNREACHABLE_CODE = YES;
				CLANG_WARN__DUPLICATE_METHOD_MATCH = YES;
				COPY_PHASE_STRIP = NO;
				DEBUG_INFORMATION_FORMAT = dwarf;
				DEVELOPMENT_TEAM = SNJW4KBXLV;
				ENABLE_STRICT_OBJC_MSGSEND = YES;
				ENABLE_TESTABILITY = YES;
				ENABLE_USER_SCRIPT_SANDBOXING = YES;
				GCC_C_LANGUAGE_STANDARD = gnu17;
				GCC_DYNAMIC_NO_PIC = NO;
				GCC_NO_COMMON_BLOCKS = YES;
				GCC_OPTIMIZATION_LEVEL = 0;
				GCC_PREPROCESSOR_DEFINITIONS = (
					"DEBUG=1",
					"$(inherited)",
				);
				GCC_WARN_64_TO_32_BIT_CONVERSION = YES;
				GCC_WARN_ABOUT_RETURN_TYPE = YES_ERROR;
				GCC_WARN_UNDECLARED_SELECTOR = YES;
				GCC_WARN_UNINITIALIZED_AUTOS = YES_AGGRESSIVE;
				GCC_WARN_UNUSED_FUNCTION = YES;
				GCC_WARN_UNUSED_VARIABLE = YES;
				IPHONEOS_DEPLOYMENT_TARGET = 26.5;
				LOCALIZATION_PREFERS_STRING_CATALOGS = YES;
				MTL_ENABLE_DEBUG_INFO = INCLUDE_SOURCE;
				MTL_FAST_MATH = YES;
				ONLY_ACTIVE_ARCH = YES;
				SDKROOT = iphoneos;
				SWIFT_ACTIVE_COMPILATION_CONDITIONS = "DEBUG $(inherited)";
				SWIFT_OPTIMIZATION_LEVEL = "-Onone";
			};
			name = Debug;
		};
		5263FCD63002C99800C1546D /* Release */ = {
			isa = XCBuildConfiguration;
			buildSettings = {
				ALWAYS_SEARCH_USER_PATHS = NO;
				ASSETCATALOG_COMPILER_GENERATE_SWIFT_ASSET_SYMBOL_EXTENSIONS = YES;
				CLANG_ANALYZER_NONNULL = YES;
				CLANG_ANALYZER_NUMBER_OBJECT_CONVERSION = YES_AGGRESSIVE;
				CLANG_CXX_LANGUAGE_STANDARD = "gnu++20";
				CLANG_ENABLE_MODULES = YES;
				CLANG_ENABLE_OBJC_ARC = YES;
				CLANG_ENABLE_OBJC_WEAK = YES;
				CLANG_WARN_BLOCK_CAPTURE_AUTORELEASING = YES;
				CLANG_WARN_BOOL_CONVERSION = YES;
				CLANG_WARN_COMMA = YES;
				CLANG_WARN_CONSTANT_CONVERSION = YES;
				CLANG_WARN_DEPRECATED_OBJC_IMPLEMENTATIONS = YES;
				CLANG_WARN_DIRECT_OBJC_ISA_USAGE = YES_ERROR;
				CLANG_WARN_DOCUMENTATION_COMMENTS = YES;
				CLANG_WARN_EMPTY_BODY = YES;
				CLANG_WARN_ENUM_CONVERSION = YES;
				CLANG_WARN_INFINITE_RECURSION = YES;
				CLANG_WARN_INT_CONVERSION = YES;
				CLANG_WARN_NON_LITERAL_NULL_CONVERSION = YES;
				CLANG_WARN_OBJC_IMPLICIT_RETAIN_SELF = YES;
				CLANG_WARN_OBJC_LITERAL_CONVERSION = YES;
				CLANG_WARN_OBJC_ROOT_CLASS = YES_ERROR;
				CLANG_WARN_QUOTED_INCLUDE_IN_FRAMEWORK_HEADER = YES;
				CLANG_WARN_RANGE_LOOP_ANALYSIS = YES;
				CLANG_WARN_STRICT_PROTOTYPES = YES;
				CLANG_WARN_SUSPICIOUS_MOVE = YES;
				CLANG_WARN_UNGUARDED_AVAILABILITY = YES_AGGRESSIVE;
				CLANG_WARN_UNREACHABLE_CODE = YES;
				CLANG_WARN__DUPLICATE_METHOD_MATCH = YES;
				COPY_PHASE_STRIP = NO;
				DEBUG_INFORMATION_FORMAT = "dwarf-with-dsym";
				DEVELOPMENT_TEAM = SNJW4KBXLV;
				ENABLE_NS_ASSERTIONS = NO;
				ENABLE_STRICT_OBJC_MSGSEND = YES;
				ENABLE_USER_SCRIPT_SANDBOXING = YES;
				GCC_C_LANGUAGE_STANDARD = gnu17;
				GCC_NO_COMMON_BLOCKS = YES;
				GCC_WARN_64_TO_32_BIT_CONVERSION = YES;
				GCC_WARN_ABOUT_RETURN_TYPE = YES_ERROR;
				GCC_WARN_UNDECLARED_SELECTOR = YES;
				GCC_WARN_UNINITIALIZED_AUTOS = YES_AGGRESSIVE;
				GCC_WARN_UNUSED_FUNCTION = YES;
				GCC_WARN_UNUSED_VARIABLE = YES;
				IPHONEOS_DEPLOYMENT_TARGET = 26.5;
				LOCALIZATION_PREFERS_STRING_CATALOGS = YES;
				MTL_ENABLE_DEBUG_INFO = NO;
				MTL_FAST_MATH = YES;
				SDKROOT = iphoneos;
				SWIFT_COMPILATION_MODE = wholemodule;
				VALIDATE_PRODUCT = YES;
			};
			name = Release;
		};
		52AB1A00000000000000BE02 /* Debug */ = {
			isa = XCBuildConfiguration;
			buildSettings = {
				ASSETCATALOG_COMPILER_APPICON_NAME = AppIcon;
				CODE_SIGN_STYLE = Automatic;
				COMBINE_HIDPI_IMAGES = YES;
				CURRENT_PROJECT_VERSION = 1;
				DEVELOPMENT_TEAM = SNJW4KBXLV;
				ENABLE_USER_SCRIPT_SANDBOXING = NO;
				GENERATE_INFOPLIST_FILE = YES;
				INFOPLIST_FILE = LevelEditor/Info.plist;
				INFOPLIST_KEY_CFBundleDisplayName = "Level Editor";
				INFOPLIST_KEY_LSSupportsOpeningDocumentsInPlace = YES;
				INFOPLIST_KEY_UIApplicationSupportsIndirectInputEvents = YES;
				INFOPLIST_KEY_UILaunchScreen_Generation = YES;
				INFOPLIST_KEY_UISupportedInterfaceOrientations_iPad = "UIInterfaceOrientationLandscapeLeft UIInterfaceOrientationLandscapeRight UIInterfaceOrientationPortrait UIInterfaceOrientationPortraitUpsideDown";
				INFOPLIST_KEY_UISupportsDocumentBrowser = YES;
				IPHONEOS_DEPLOYMENT_TARGET = 26.5;
				LD_RUNPATH_SEARCH_PATHS = (
					"$(inherited)",
					"@executable_path/../Frameworks",
				);
				"LD_RUNPATH_SEARCH_PATHS[sdk=iphone*]" = (
					"$(inherited)",
					"@executable_path/Frameworks",
				);
				MACOSX_DEPLOYMENT_TARGET = 26.5;
				MARKETING_VERSION = 1.0;
				PRODUCT_BUNDLE_IDENTIFIER = com.zippyzen.td.leveleditor;
				PRODUCT_NAME = "$(TARGET_NAME)";
				SDKROOT = auto;
				SUPPORTED_PLATFORMS = "iphoneos iphonesimulator macosx";
				SWIFT_APPROACHABLE_CONCURRENCY = YES;
				SWIFT_DEFAULT_ACTOR_ISOLATION = nonisolated;
				SWIFT_EMIT_LOC_STRINGS = YES;
				SWIFT_UPCOMING_FEATURE_MEMBER_IMPORT_VISIBILITY = YES;
				SWIFT_VERSION = 5.0;
				TARGETED_DEVICE_FAMILY = "1,2";
			};
			name = Debug;
		};
		52AB1A00000000000000BE03 /* Release */ = {
			isa = XCBuildConfiguration;
			buildSettings = {
				ASSETCATALOG_COMPILER_APPICON_NAME = AppIcon;
				CODE_SIGN_STYLE = Automatic;
				COMBINE_HIDPI_IMAGES = YES;
				CURRENT_PROJECT_VERSION = 1;
				DEVELOPMENT_TEAM = SNJW4KBXLV;
				ENABLE_USER_SCRIPT_SANDBOXING = NO;
				GENERATE_INFOPLIST_FILE = YES;
				INFOPLIST_FILE = LevelEditor/Info.plist;
				INFOPLIST_KEY_CFBundleDisplayName = "Level Editor";
				INFOPLIST_KEY_LSSupportsOpeningDocumentsInPlace = YES;
				INFOPLIST_KEY_UIApplicationSupportsIndirectInputEvents = YES;
				INFOPLIST_KEY_UILaunchScreen_Generation = YES;
				INFOPLIST_KEY_UISupportedInterfaceOrientations_iPad = "UIInterfaceOrientationLandscapeLeft UIInterfaceOrientationLandscapeRight UIInterfaceOrientationPortrait UIInterfaceOrientationPortraitUpsideDown";
				INFOPLIST_KEY_UISupportsDocumentBrowser = YES;
				IPHONEOS_DEPLOYMENT_TARGET = 26.5;
				LD_RUNPATH_SEARCH_PATHS = (
					"$(inherited)",
					"@executable_path/../Frameworks",
				);
				"LD_RUNPATH_SEARCH_PATHS[sdk=iphone*]" = (
					"$(inherited)",
					"@executable_path/Frameworks",
				);
				MACOSX_DEPLOYMENT_TARGET = 26.5;
				MARKETING_VERSION = 1.0;
				PRODUCT_BUNDLE_IDENTIFIER = com.zippyzen.td.leveleditor;
				PRODUCT_NAME = "$(TARGET_NAME)";
				SDKROOT = auto;
				SUPPORTED_PLATFORMS = "iphoneos iphonesimulator macosx";
				SWIFT_APPROACHABLE_CONCURRENCY = YES;
				SWIFT_DEFAULT_ACTOR_ISOLATION = nonisolated;
				SWIFT_EMIT_LOC_STRINGS = YES;
				SWIFT_UPCOMING_FEATURE_MEMBER_IMPORT_VISIBILITY = YES;
				SWIFT_VERSION = 5.0;
				TARGETED_DEVICE_FAMILY = "1,2";
			};
			name = Release;
		};
/* End XCBuildConfiguration section */

/* Begin XCConfigurationList section */
		520082BB300C245B00DF4F64 /* Build configuration list for PBXNativeTarget "Simulator" */ = {
			isa = XCConfigurationList;
			buildConfigurations = (
				520082BC300C245B00DF4F64 /* Debug */,
				520082BD300C245B00DF4F64 /* Release */,
			);
			defaultConfigurationIsVisible = 0;
			defaultConfigurationName = Release;
		};
		5263FCB83002C99600C1546D /* Build configuration list for PBXProject "InDefenseOfHistory" */ = {
			isa = XCConfigurationList;
			buildConfigurations = (
				5263FCD53002C99800C1546D /* Debug */,
				5263FCD63002C99800C1546D /* Release */,
			);
			defaultConfigurationIsVisible = 0;
			defaultConfigurationName = Release;
		};
		5263FCD23002C99800C1546D /* Build configuration list for PBXNativeTarget "Liberty Line" */ = {
			isa = XCConfigurationList;
			buildConfigurations = (
				5263FCD33002C99800C1546D /* Debug */,
				5263FCD43002C99800C1546D /* Release */,
			);
			defaultConfigurationIsVisible = 0;
			defaultConfigurationName = Release;
		};
		52AB1A00000000000000BE01 /* Build configuration list for PBXNativeTarget "LevelEditor" */ = {
			isa = XCConfigurationList;
			buildConfigurations = (
				52AB1A00000000000000BE02 /* Debug */,
				52AB1A00000000000000BE03 /* Release */,
			);
			defaultConfigurationIsVisible = 0;
			defaultConfigurationName = Release;
		};
/* End XCConfigurationList section */
	};
	rootObject = 5263FCB53002C99600C1546D /* Project object */;
}
